
Microsoft Visual Studio Solution File, Format Version 12.00
# Visual Studio Version 16
VisualStudioVersion = 16.0.30611.23
MinimumVisualStudioVersion = 10.0.40219.1
Project("{FAE04EC0-301F-11D3-BF4B-00C04F79EFBC}") = "salesManagementSystem", "salesManagementSystem.csproj", "{FE1A24B9-8440-4916-AD03-EB96A9AA9515}"
EndProject
Global
	GlobalSection(SolutionConfigurationPlatforms) = preSolution
		Debug|Any CPU = Debug|Any CPU
		Release|Any CPU = Release|Any CPU
	EndGlobalSection
	GlobalSection(ProjectConfigurationPlatforms) = postSolution
		{FE1A24B9-8440-4916-AD03-EB96A9AA9515}.Debug|Any CPU.ActiveCfg = Debug|Any CPU
		{FE1A24B9-8440-4916-AD03-EB96A9AA9515}.Debug|Any CPU.Build.0 = Debug|Any CPU
		{FE1A24B9-8440-4916-AD03-EB96A9AA9515}.Release|Any CPU.ActiveCfg = Release|Any CPU
		{FE1A24B9-8440-4916-AD03-EB96A9AA9515}.Release|Any CPU.Build.0 = Release|Any CPU
	EndGlobalSection
	GlobalSection(SolutionProperties) = preSolution
		HideSolutionNode = FALSE
	EndGlobalSection
	GlobalSection(ExtensibilityGlobals) = postSolution
		SolutionGuid = {459EEEAD-006A-400F-8896-16A2CAC169D5}
	EndGlobalSection
EndGlobal
